<?xml version="1.0" encoding="utf-8"?>
<Project ToolsVersion="4.0" xmlns="http://schemas.microsoft.com/developer/msbuild/2003">
  <ItemGroup>
    <Filter Include="header files">
      <UniqueIdentifier>{93995380-89BD-4b04-88EB-625FBE52EBFB}</UniqueIdentifier>
      <Extensions>h;hh;hpp;hxx;h++;hm;inl;inc;ipp;xsd</Extensions>
    </Filter>
    <Filter Include="source files">
      <UniqueIdentifier>{4FC737F1-C7A5-4376-A066-2A32D752A2FF}</UniqueIdentifier>
      <Extensions>cpp;c;cc;cxx;c++;cppm;ixx;def;odl;idl;hpj;bat;asm;asmx</Extensions>
    </Filter>
    <Filter Include="header files\classes">
      <UniqueIdentifier>{6cf7dda7-761b-4be6-a347-4727008093fd}</UniqueIdentifier>
    </Filter>
    <Filter Include="source files\features">
      <UniqueIdentifier>{2f599945-7627-4a5c-a404-0d273ec56e27}</UniqueIdentifier>
    </Filter>
    <Filter Include="header files\features">
      <UniqueIdentifier>{4d734b55-31c1-4a59-b4af-afe0bfa95793}</UniqueIdentifier>
    </Filter>
    <Filter Include="header files\utils">
      <UniqueIdentifier>{9e875db1-0597-43fa-b7bb-d0c6f236a23e}</UniqueIdentifier>
    </Filter>
    <Filter Include="header files\hooks">
      <UniqueIdentifier>{2ebb7e20-ffed-42ef-8f25-80aa1ad25f76}</UniqueIdentifier>
    </Filter>
    <Filter Include="source files\hooks">
      <UniqueIdentifier>{8a52df55-75b6-4d13-a82a-22fd488b81ab}</UniqueIdentifier>
    </Filter>
    <Filter Include="source files\hooks\functions">
      <UniqueIdentifier>{22d8a438-8c52-4195-8856-5db0fcc1e727}</UniqueIdentifier>
    </Filter>
    <Filter Include="header files\hooks\library">
      <UniqueIdentifier>{7541ca48-f9e1-460f-99f1-260f02f429b7}</UniqueIdentifier>
    </Filter>
    <Filter Include="source files\utils">
      <UniqueIdentifier>{71419a50-6e59-4a8c-96be-28582b8c885b}</UniqueIdentifier>
    </Filter>
  </ItemGroup>
  <ItemGroup>
    <ClCompile Include="entrypoint.cpp">
      <Filter>source files</Filter>
    </ClCompile>
    <ClCompile Include="features\esp.cpp">
      <Filter>source files\features</Filter>
    </ClCompile>
    <ClCompile Include="features\misc.cpp">
      <Filter>source files\features</Filter>
    </ClCompile>
    <ClCompile Include="hooks\hooks.cpp">
      <Filter>source files\hooks</Filter>
    </ClCompile>
    <ClCompile Include="hooks\functions\start_weapon_recoil.cpp">
      <Filter>source files\hooks\functions</Filter>
    </ClCompile>
    <ClCompile Include="hooks\library\hook.cpp">
      <Filter>header files\hooks\library</Filter>
    </ClCompile>
    <ClCompile Include="hooks\library\trampoline.cpp">
      <Filter>header files\hooks\library</Filter>
    </ClCompile>
    <ClCompile Include="hooks\library\hde\hde32.c">
      <Filter>header files\hooks\library</Filter>
    </ClCompile>
    <ClCompile Include="hooks\library\hde\hde64.c">
      <Filter>header files\hooks\library</Filter>
    </ClCompile>
    <ClCompile Include="hooks\library\buffer.cpp">
      <Filter>header files\hooks\library</Filter>
    </ClCompile>
    <ClCompile Include="hooks\library\toast.c">
      <Filter>header files\hooks\library</Filter>
    </ClCompile>
    <ClCompile Include="features\aimbot.cpp">
      <Filter>source files\features</Filter>
    </ClCompile>
    <ClCompile Include="utils\utils.cpp">
      <Filter>source files\utils</Filter>
    </ClCompile>
  </ItemGroup>
  <ItemGroup>
    <ClInclude Include="classes\entity.hh">
      <Filter>header files\classes</Filter>
    </ClInclude>
    <ClInclude Include="features\esp.hh">
      <Filter>header files\features</Filter>
    </ClInclude>
    <ClInclude Include="utils\utils.hh">
      <Filter>header files\utils</Filter>
    </ClInclude>
    <ClInclude Include="classes\shell.hh">
      <Filter>header files\classes</Filter>
    </ClInclude>
    <ClInclude Include="classes\interface_mgr.hh">
      <Filter>header files\classes</Filter>
    </ClInclude>
    <ClInclude Include="classes\base_player_mgr.hh">
      <Filter>header files\classes</Filter>
    </ClInclude>
    <ClInclude Include="features\misc.hh">
      <Filter>header files\features</Filter>
    </ClInclude>
    <ClInclude Include="hooks\hooks.hh">
      <Filter>header files\hooks</Filter>
    </ClInclude>
    <ClInclude Include="hooks\library\minhook.h">
      <Filter>header files\hooks\library</Filter>
    </ClInclude>
    <ClInclude Include="hooks\library\toast.h">
      <Filter>header files\hooks\library</Filter>
    </ClInclude>
    <ClInclude Include="hooks\library\trampoline.h">
      <Filter>header files\hooks\library</Filter>
    </ClInclude>
    <ClInclude Include="hooks\library\hde\hde32.h">
      <Filter>header files\hooks\library</Filter>
    </ClInclude>
    <ClInclude Include="hooks\library\hde\hde64.h">
      <Filter>header files\hooks\library</Filter>
    </ClInclude>
    <ClInclude Include="hooks\library\hde\pstdint.h">
      <Filter>header files\hooks\library</Filter>
    </ClInclude>
    <ClInclude Include="hooks\library\hde\table32.h">
      <Filter>header files\hooks\library</Filter>
    </ClInclude>
    <ClInclude Include="hooks\library\hde\table64.h">
      <Filter>header files\hooks\library</Filter>
    </ClInclude>
    <ClInclude Include="hooks\library\buffer.h">
      <Filter>header files\hooks\library</Filter>
    </ClInclude>
    <ClInclude Include="utils\vector3d.hh">
      <Filter>header files\utils</Filter>
    </ClInclude>
    <ClInclude Include="classes\weapon.hh">
      <Filter>header files\classes</Filter>
    </ClInclude>
    <ClInclude Include="classes\weapon_mgr.hh">
      <Filter>header files\classes</Filter>
    </ClInclude>
    <ClInclude Include="classes\weapon_base.hh">
      <Filter>header files\classes</Filter>
    </ClInclude>
    <ClInclude Include="classes\client_info_mgr.hh">
      <Filter>header files\classes</Filter>
    </ClInclude>
    <ClInclude Include="classes\game_client_shell.hh">
      <Filter>header files\classes</Filter>
    </ClInclude>
    <ClInclude Include="classes\clt_base.hh">
      <Filter>header files\classes</Filter>
    </ClInclude>
    <ClInclude Include="features\aimbot.hh">
      <Filter>header files\features</Filter>
    </ClInclude>
  </ItemGroup>
</Project>